
Microsoft Visual Studio Solution File, Format Version 11.00
# Visual Studio 2010
Project("{FAE04EC0-301F-11D3-BF4B-00C04F79EFBC}") = "bubblesort", "bubblesort\bubblesort.csproj", "{E1522E37-1E99-4EC0-9390-FEC971AA4B16}"
EndProject
Global
	GlobalSection(SolutionConfigurationPlatforms) = preSolution
		Debug|x86 = Debug|x86
		Release|x86 = Release|x86
	EndGlobalSection
	GlobalSection(ProjectConfigurationPlatforms) = postSolution
		{E1522E37-1E99-4EC0-9390-FEC971AA4B16}.Debug|x86.ActiveCfg = Debug|x86
		{E1522E37-1E99-4EC0-9390-FEC971AA4B16}.Debug|x86.Build.0 = Debug|x86
		{E1522E37-1E99-4EC0-9390-FEC971AA4B16}.Release|x86.ActiveCfg = Release|x86
		{E1522E37-1E99-4EC0-9390-FEC971AA4B16}.Release|x86.Build.0 = Release|x86
	EndGlobalSection
	GlobalSection(SolutionProperties) = preSolution
		HideSolutionNode = FALSE
	EndGlobalSection
EndGlobal
